
Microsoft Visual Studio Solution File, Format Version 11.00
# Visual Studio 2010
Project("{FAE04EC0-301F-11D3-BF4B-00C04F79EFBC}") = "MS.Katusha.Domain", "MS.Katusha.Domain\MS.Katusha.Domain.csproj", "{36AA6969-6329-4BB1-BEA6-8AFCC1CA4152}"
EndProject
Project("{FAE04EC0-301F-11D3-BF4B-00C04F79EFBC}") = "MS.Katusha.Test", "MS.Katusha.Test\MS.Katusha.Test.csproj", "{3683ECE1-FE57-42C5-8477-156669EDFA1E}"
EndProject
Project("{2150E333-8FDC-42A3-9474-1A3956D46DE8}") = "Solution Items", "Solution Items", "{0DE893ED-7B2F-4841-8545-282767BCA949}"
	ProjectSection(SolutionItems) = preProject
		Local.testsettings = Local.testsettings
		MS.Katusha.vsmdi = MS.Katusha.vsmdi
		TraceAndTestImpact.testsettings = TraceAndTestImpact.testsettings
	EndProjectSection
EndProject
Project("{FAE04EC0-301F-11D3-BF4B-00C04F79EFBC}") = "MS.Katusha.Web", "MS.Katusha.Web\MS.Katusha.Web.csproj", "{DEF3F6C2-BFE9-4CF2-B665-0F7EEC5B6D2E}"
EndProject
Project("{FAE04EC0-301F-11D3-BF4B-00C04F79EFBC}") = "MS.Katusha.Repositories.DB", "MS.Katusha.Repository\MS.Katusha.Repositories.DB.csproj", "{78CFC2A2-B41D-44DF-ADFC-0B71C0791CD3}"
EndProject
Project("{FAE04EC0-301F-11D3-BF4B-00C04F79EFBC}") = "MS.Katusha.Repositories.RavenDB", "MS.Katusha.RepositoryRavenDB\MS.Katusha.Repositories.RavenDB.csproj", "{143869F1-31AA-4F5F-9C0C-42E1660186D2}"
EndProject
Project("{2150E333-8FDC-42A3-9474-1A3956D46DE8}") = "Repositories", "Repositories", "{4E582B41-0D84-4F3D-BA91-B79A0D41A957}"
EndProject
Project("{2150E333-8FDC-42A3-9474-1A3956D46DE8}") = "Services", "Services", "{3B2A79A2-497C-4AE9-9D0F-6BF404576152}"
EndProject
Project("{2150E333-8FDC-42A3-9474-1A3956D46DE8}") = "Web", "Web", "{27CA8EF6-91F4-4CFB-B817-EFA42913EADF}"
EndProject
Project("{FAE04EC0-301F-11D3-BF4B-00C04F79EFBC}") = "MS.Katusha.Mailer", "MS.Katusha.Mailer\MS.Katusha.Mailer.csproj", "{0FF01629-20B8-45DF-96EA-47A3E4E8F712}"
EndProject
Project("{FAE04EC0-301F-11D3-BF4B-00C04F79EFBC}") = "MS.Katusha.Services", "MS.Katusha.Services\MS.Katusha.Services.csproj", "{5390666F-ABB7-4FEC-8582-0CFFA21398B2}"
EndProject
Project("{FAE04EC0-301F-11D3-BF4B-00C04F79EFBC}") = "MS.Katusha.Interfaces.Services", "MS.Katusha.Interfaces.Services\MS.Katusha.Interfaces.Services.csproj", "{85B30335-23D3-4EEF-8AD1-444BBFEBE796}"
EndProject
Project("{FAE04EC0-301F-11D3-BF4B-00C04F79EFBC}") = "MS.Katusha.Interfaces.Repositories", "MS.Katusha.Interfaces.Repositories\MS.Katusha.Interfaces.Repositories.csproj", "{86B54D6D-399A-48CA-9D10-CB3EC393A10B}"
EndProject
Project("{2150E333-8FDC-42A3-9474-1A3956D46DE8}") = "Domain", "Domain", "{40FC43D7-43C3-4A6C-8B0D-16167E3725A2}"
EndProject
Project("{2150E333-8FDC-42A3-9474-1A3956D46DE8}") = "Tests", "Tests", "{C7C29B2D-A706-434F-9551-923F91FB76A4}"
EndProject
Project("{FAE04EC0-301F-11D3-BF4B-00C04F79EFBC}") = "MS.Katusha.Enumerations", "MS.Katusha.Enumerations\MS.Katusha.Enumerations.csproj", "{F07DB764-DB87-4CF8-9BEA-88C4B0E554F3}"
EndProject
Global
	GlobalSection(TestCaseManagementSettings) = postSolution
		CategoryFile = MS.Katusha.vsmdi
	EndGlobalSection
	GlobalSection(SolutionConfigurationPlatforms) = preSolution
		Debug|Any CPU = Debug|Any CPU
		Release|Any CPU = Release|Any CPU
	EndGlobalSection
	GlobalSection(ProjectConfigurationPlatforms) = postSolution
		{36AA6969-6329-4BB1-BEA6-8AFCC1CA4152}.Debug|Any CPU.ActiveCfg = Debug|Any CPU
		{36AA6969-6329-4BB1-BEA6-8AFCC1CA4152}.Debug|Any CPU.Build.0 = Debug|Any CPU
		{36AA6969-6329-4BB1-BEA6-8AFCC1CA4152}.Release|Any CPU.ActiveCfg = Release|Any CPU
		{36AA6969-6329-4BB1-BEA6-8AFCC1CA4152}.Release|Any CPU.Build.0 = Release|Any CPU
		{3683ECE1-FE57-42C5-8477-156669EDFA1E}.Debug|Any CPU.ActiveCfg = Debug|Any CPU
		{3683ECE1-FE57-42C5-8477-156669EDFA1E}.Debug|Any CPU.Build.0 = Debug|Any CPU
		{3683ECE1-FE57-42C5-8477-156669EDFA1E}.Release|Any CPU.ActiveCfg = Release|Any CPU
		{3683ECE1-FE57-42C5-8477-156669EDFA1E}.Release|Any CPU.Build.0 = Release|Any CPU
		{DEF3F6C2-BFE9-4CF2-B665-0F7EEC5B6D2E}.Debug|Any CPU.ActiveCfg = Debug|Any CPU
		{DEF3F6C2-BFE9-4CF2-B665-0F7EEC5B6D2E}.Debug|Any CPU.Build.0 = Debug|Any CPU
		{DEF3F6C2-BFE9-4CF2-B665-0F7EEC5B6D2E}.Release|Any CPU.ActiveCfg = Release|Any CPU
		{DEF3F6C2-BFE9-4CF2-B665-0F7EEC5B6D2E}.Release|Any CPU.Build.0 = Release|Any CPU
		{78CFC2A2-B41D-44DF-ADFC-0B71C0791CD3}.Debug|Any CPU.ActiveCfg = Debug|Any CPU
		{78CFC2A2-B41D-44DF-ADFC-0B71C0791CD3}.Debug|Any CPU.Build.0 = Debug|Any CPU
		{78CFC2A2-B41D-44DF-ADFC-0B71C0791CD3}.Release|Any CPU.ActiveCfg = Release|Any CPU
		{78CFC2A2-B41D-44DF-ADFC-0B71C0791CD3}.Release|Any CPU.Build.0 = Release|Any CPU
		{143869F1-31AA-4F5F-9C0C-42E1660186D2}.Debug|Any CPU.ActiveCfg = Debug|Any CPU
		{143869F1-31AA-4F5F-9C0C-42E1660186D2}.Debug|Any CPU.Build.0 = Debug|Any CPU
		{143869F1-31AA-4F5F-9C0C-42E1660186D2}.Release|Any CPU.ActiveCfg = Release|Any CPU
		{143869F1-31AA-4F5F-9C0C-42E1660186D2}.Release|Any CPU.Build.0 = Release|Any CPU
		{0FF01629-20B8-45DF-96EA-47A3E4E8F712}.Debug|Any CPU.ActiveCfg = Debug|Any CPU
		{0FF01629-20B8-45DF-96EA-47A3E4E8F712}.Debug|Any CPU.Build.0 = Debug|Any CPU
		{0FF01629-20B8-45DF-96EA-47A3E4E8F712}.Release|Any CPU.ActiveCfg = Release|Any CPU
		{0FF01629-20B8-45DF-96EA-47A3E4E8F712}.Release|Any CPU.Build.0 = Release|Any CPU
		{5390666F-ABB7-4FEC-8582-0CFFA21398B2}.Debug|Any CPU.ActiveCfg = Debug|Any CPU
		{5390666F-ABB7-4FEC-8582-0CFFA21398B2}.Debug|Any CPU.Build.0 = Debug|Any CPU
		{5390666F-ABB7-4FEC-8582-0CFFA21398B2}.Release|Any CPU.ActiveCfg = Release|Any CPU
		{5390666F-ABB7-4FEC-8582-0CFFA21398B2}.Release|Any CPU.Build.0 = Release|Any CPU
		{85B30335-23D3-4EEF-8AD1-444BBFEBE796}.Debug|Any CPU.ActiveCfg = Debug|Any CPU
		{85B30335-23D3-4EEF-8AD1-444BBFEBE796}.Debug|Any CPU.Build.0 = Debug|Any CPU
		{85B30335-23D3-4EEF-8AD1-444BBFEBE796}.Release|Any CPU.ActiveCfg = Release|Any CPU
		{85B30335-23D3-4EEF-8AD1-444BBFEBE796}.Release|Any CPU.Build.0 = Release|Any CPU
		{86B54D6D-399A-48CA-9D10-CB3EC393A10B}.Debug|Any CPU.ActiveCfg = Debug|Any CPU
		{86B54D6D-399A-48CA-9D10-CB3EC393A10B}.Debug|Any CPU.Build.0 = Debug|Any CPU
		{86B54D6D-399A-48CA-9D10-CB3EC393A10B}.Release|Any CPU.ActiveCfg = Release|Any CPU
		{86B54D6D-399A-48CA-9D10-CB3EC393A10B}.Release|Any CPU.Build.0 = Release|Any CPU
		{F07DB764-DB87-4CF8-9BEA-88C4B0E554F3}.Debug|Any CPU.ActiveCfg = Debug|Any CPU
		{F07DB764-DB87-4CF8-9BEA-88C4B0E554F3}.Debug|Any CPU.Build.0 = Debug|Any CPU
		{F07DB764-DB87-4CF8-9BEA-88C4B0E554F3}.Release|Any CPU.ActiveCfg = Release|Any CPU
		{F07DB764-DB87-4CF8-9BEA-88C4B0E554F3}.Release|Any CPU.Build.0 = Release|Any CPU
	EndGlobalSection
	GlobalSection(SolutionProperties) = preSolution
		HideSolutionNode = FALSE
	EndGlobalSection
	GlobalSection(NestedProjects) = preSolution
		{36AA6969-6329-4BB1-BEA6-8AFCC1CA4152} = {40FC43D7-43C3-4A6C-8B0D-16167E3725A2}
		{F07DB764-DB87-4CF8-9BEA-88C4B0E554F3} = {40FC43D7-43C3-4A6C-8B0D-16167E3725A2}
		{3683ECE1-FE57-42C5-8477-156669EDFA1E} = {C7C29B2D-A706-434F-9551-923F91FB76A4}
		{DEF3F6C2-BFE9-4CF2-B665-0F7EEC5B6D2E} = {27CA8EF6-91F4-4CFB-B817-EFA42913EADF}
		{143869F1-31AA-4F5F-9C0C-42E1660186D2} = {4E582B41-0D84-4F3D-BA91-B79A0D41A957}
		{78CFC2A2-B41D-44DF-ADFC-0B71C0791CD3} = {4E582B41-0D84-4F3D-BA91-B79A0D41A957}
		{86B54D6D-399A-48CA-9D10-CB3EC393A10B} = {4E582B41-0D84-4F3D-BA91-B79A0D41A957}
		{5390666F-ABB7-4FEC-8582-0CFFA21398B2} = {3B2A79A2-497C-4AE9-9D0F-6BF404576152}
		{85B30335-23D3-4EEF-8AD1-444BBFEBE796} = {3B2A79A2-497C-4AE9-9D0F-6BF404576152}
		{0FF01629-20B8-45DF-96EA-47A3E4E8F712} = {3B2A79A2-497C-4AE9-9D0F-6BF404576152}
	EndGlobalSection
EndGlobal
