
Microsoft Visual Studio Solution File, Format Version 11.00
# Visual Studio 2010
Project("{FAE04EC0-301F-11D3-BF4B-00C04F79EFBC}") = "MS.Katusha.Domain", "MS.Katusha.Domain\MS.Katusha.Domain.csproj", "{36AA6969-6329-4BB1-BEA6-8AFCC1CA4152}"
EndProject
Project("{2150E333-8FDC-42A3-9474-1A3956D46DE8}") = "Solution Items", "Solution Items", "{0DE893ED-7B2F-4841-8545-282767BCA949}"
	ProjectSection(SolutionItems) = preProject
		MS.Katusha.vsmdi = MS.Katusha.vsmdi
		MS.Katusha1.vsmdi = MS.Katusha1.vsmdi
	EndProjectSection
EndProject
Project("{FAE04EC0-301F-11D3-BF4B-00C04F79EFBC}") = "MS.Katusha.Web", "MS.Katusha.Web\MS.Katusha.Web.csproj", "{DEF3F6C2-BFE9-4CF2-B665-0F7EEC5B6D2E}"
EndProject
Project("{FAE04EC0-301F-11D3-BF4B-00C04F79EFBC}") = "MS.Katusha.Repositories.DB", "MS.Katusha.Repository\MS.Katusha.Repositories.DB.csproj", "{78CFC2A2-B41D-44DF-ADFC-0B71C0791CD3}"
EndProject
Project("{FAE04EC0-301F-11D3-BF4B-00C04F79EFBC}") = "MS.Katusha.Repositories.RavenDB", "MS.Katusha.RepositoryRavenDB\MS.Katusha.Repositories.RavenDB.csproj", "{143869F1-31AA-4F5F-9C0C-42E1660186D2}"
EndProject
Project("{2150E333-8FDC-42A3-9474-1A3956D46DE8}") = "Repositories", "Repositories", "{4E582B41-0D84-4F3D-BA91-B79A0D41A957}"
EndProject
Project("{2150E333-8FDC-42A3-9474-1A3956D46DE8}") = "Services", "Services", "{3B2A79A2-497C-4AE9-9D0F-6BF404576152}"
EndProject
Project("{2150E333-8FDC-42A3-9474-1A3956D46DE8}") = "Web", "Web", "{27CA8EF6-91F4-4CFB-B817-EFA42913EADF}"
EndProject
Project("{FAE04EC0-301F-11D3-BF4B-00C04F79EFBC}") = "MS.Katusha.Mailer", "MS.Katusha.Mailer\MS.Katusha.Mailer.csproj", "{0FF01629-20B8-45DF-96EA-47A3E4E8F712}"
EndProject
Project("{FAE04EC0-301F-11D3-BF4B-00C04F79EFBC}") = "MS.Katusha.Services", "MS.Katusha.Services\MS.Katusha.Services.csproj", "{5390666F-ABB7-4FEC-8582-0CFFA21398B2}"
EndProject
Project("{FAE04EC0-301F-11D3-BF4B-00C04F79EFBC}") = "MS.Katusha.Interfaces.Services", "MS.Katusha.Interfaces.Services\MS.Katusha.Interfaces.Services.csproj", "{85B30335-23D3-4EEF-8AD1-444BBFEBE796}"
EndProject
Project("{FAE04EC0-301F-11D3-BF4B-00C04F79EFBC}") = "MS.Katusha.Interfaces.Repositories", "MS.Katusha.Interfaces.Repositories\MS.Katusha.Interfaces.Repositories.csproj", "{86B54D6D-399A-48CA-9D10-CB3EC393A10B}"
EndProject
Project("{2150E333-8FDC-42A3-9474-1A3956D46DE8}") = "Domain", "Domain", "{40FC43D7-43C3-4A6C-8B0D-16167E3725A2}"
EndProject
Project("{FAE04EC0-301F-11D3-BF4B-00C04F79EFBC}") = "MS.Katusha.Infrastructure", "MS.Katusha.Infrastructure\MS.Katusha.Infrastructure.csproj", "{6BC39B87-459B-4967-9B7F-ADA1AAFD3B39}"
EndProject
Project("{FAE04EC0-301F-11D3-BF4B-00C04F79EFBC}") = "MS.Katusha.Domain.Raven", "MS.Katusha.Domain.Raven\MS.Katusha.Domain.Raven.csproj", "{D2430F7D-6EE2-4588-AB1D-F1F28889EB67}"
EndProject
Project("{FAE04EC0-301F-11D3-BF4B-00C04F79EFBC}") = "MS.Katusha.Enumerations", "MS.Katusha.Enumerations\MS.Katusha.Enumerations.csproj", "{F07DB764-DB87-4CF8-9BEA-88C4B0E554F3}"
EndProject
Project("{FAE04EC0-301F-11D3-BF4B-00C04F79EFBC}") = "MS.Katusha.Jobs", "MS.Katusha.Jobs\MS.Katusha.Jobs.csproj", "{C4209BB3-50EE-4C94-A353-45438557C465}"
EndProject
Project("{2150E333-8FDC-42A3-9474-1A3956D46DE8}") = ".nuget", ".nuget", "{4B5AD51A-2867-41CA-9357-49F660A6E4C2}"
	ProjectSection(SolutionItems) = preProject
		.nuget\NuGet.exe = .nuget\NuGet.exe
		.nuget\NuGet.targets = .nuget\NuGet.targets
	EndProjectSection
EndProject
Project("{2150E333-8FDC-42A3-9474-1A3956D46DE8}") = "Console", "Console", "{8C3E0A22-16F8-43ED-9F93-AEDC1CECF1FE}"
EndProject
Project("{FAE04EC0-301F-11D3-BF4B-00C04F79EFBC}") = "MS.Katusha.Console", "MS.Katusha.Console\MS.Katusha.Console.csproj", "{27931342-5F6A-4893-9D14-DDBD05F1E717}"
EndProject
Project("{FAE04EC0-301F-11D3-BF4B-00C04F79EFBC}") = "MS.Katusha.Location", "MS.Katusha.Location\MS.Katusha.Location.csproj", "{4657C6AB-B567-4D15-B910-CFE5FFE1BA42}"
EndProject
Global
	GlobalSection(TestCaseManagementSettings) = postSolution
		CategoryFile = MS.Katusha1.vsmdi
	EndGlobalSection
	GlobalSection(SolutionConfigurationPlatforms) = preSolution
		Debug|Any CPU = Debug|Any CPU
		Debug|Mixed Platforms = Debug|Mixed Platforms
		Debug|x86 = Debug|x86
		Release|Any CPU = Release|Any CPU
		Release|Mixed Platforms = Release|Mixed Platforms
		Release|x86 = Release|x86
	EndGlobalSection
	GlobalSection(ProjectConfigurationPlatforms) = postSolution
		{36AA6969-6329-4BB1-BEA6-8AFCC1CA4152}.Debug|Any CPU.ActiveCfg = Debug|Any CPU
		{36AA6969-6329-4BB1-BEA6-8AFCC1CA4152}.Debug|Any CPU.Build.0 = Debug|Any CPU
		{36AA6969-6329-4BB1-BEA6-8AFCC1CA4152}.Debug|Mixed Platforms.ActiveCfg = Debug|Any CPU
		{36AA6969-6329-4BB1-BEA6-8AFCC1CA4152}.Debug|Mixed Platforms.Build.0 = Debug|Any CPU
		{36AA6969-6329-4BB1-BEA6-8AFCC1CA4152}.Debug|x86.ActiveCfg = Debug|Any CPU
		{36AA6969-6329-4BB1-BEA6-8AFCC1CA4152}.Release|Any CPU.ActiveCfg = Release|Any CPU
		{36AA6969-6329-4BB1-BEA6-8AFCC1CA4152}.Release|Any CPU.Build.0 = Release|Any CPU
		{36AA6969-6329-4BB1-BEA6-8AFCC1CA4152}.Release|Mixed Platforms.ActiveCfg = Release|Any CPU
		{36AA6969-6329-4BB1-BEA6-8AFCC1CA4152}.Release|Mixed Platforms.Build.0 = Release|Any CPU
		{36AA6969-6329-4BB1-BEA6-8AFCC1CA4152}.Release|x86.ActiveCfg = Release|Any CPU
		{DEF3F6C2-BFE9-4CF2-B665-0F7EEC5B6D2E}.Debug|Any CPU.ActiveCfg = Debug|Any CPU
		{DEF3F6C2-BFE9-4CF2-B665-0F7EEC5B6D2E}.Debug|Any CPU.Build.0 = Debug|Any CPU
		{DEF3F6C2-BFE9-4CF2-B665-0F7EEC5B6D2E}.Debug|Mixed Platforms.ActiveCfg = Debug|Any CPU
		{DEF3F6C2-BFE9-4CF2-B665-0F7EEC5B6D2E}.Debug|Mixed Platforms.Build.0 = Debug|Any CPU
		{DEF3F6C2-BFE9-4CF2-B665-0F7EEC5B6D2E}.Debug|x86.ActiveCfg = Debug|Any CPU
		{DEF3F6C2-BFE9-4CF2-B665-0F7EEC5B6D2E}.Release|Any CPU.ActiveCfg = Release|Any CPU
		{DEF3F6C2-BFE9-4CF2-B665-0F7EEC5B6D2E}.Release|Any CPU.Build.0 = Release|Any CPU
		{DEF3F6C2-BFE9-4CF2-B665-0F7EEC5B6D2E}.Release|Mixed Platforms.ActiveCfg = Release|Any CPU
		{DEF3F6C2-BFE9-4CF2-B665-0F7EEC5B6D2E}.Release|Mixed Platforms.Build.0 = Release|Any CPU
		{DEF3F6C2-BFE9-4CF2-B665-0F7EEC5B6D2E}.Release|x86.ActiveCfg = Release|Any CPU
		{78CFC2A2-B41D-44DF-ADFC-0B71C0791CD3}.Debug|Any CPU.ActiveCfg = Debug|Any CPU
		{78CFC2A2-B41D-44DF-ADFC-0B71C0791CD3}.Debug|Any CPU.Build.0 = Debug|Any CPU
		{78CFC2A2-B41D-44DF-ADFC-0B71C0791CD3}.Debug|Mixed Platforms.ActiveCfg = Debug|Any CPU
		{78CFC2A2-B41D-44DF-ADFC-0B71C0791CD3}.Debug|Mixed Platforms.Build.0 = Debug|Any CPU
		{78CFC2A2-B41D-44DF-ADFC-0B71C0791CD3}.Debug|x86.ActiveCfg = Debug|Any CPU
		{78CFC2A2-B41D-44DF-ADFC-0B71C0791CD3}.Release|Any CPU.ActiveCfg = Release|Any CPU
		{78CFC2A2-B41D-44DF-ADFC-0B71C0791CD3}.Release|Any CPU.Build.0 = Release|Any CPU
		{78CFC2A2-B41D-44DF-ADFC-0B71C0791CD3}.Release|Mixed Platforms.ActiveCfg = Release|Any CPU
		{78CFC2A2-B41D-44DF-ADFC-0B71C0791CD3}.Release|Mixed Platforms.Build.0 = Release|Any CPU
		{78CFC2A2-B41D-44DF-ADFC-0B71C0791CD3}.Release|x86.ActiveCfg = Release|Any CPU
		{143869F1-31AA-4F5F-9C0C-42E1660186D2}.Debug|Any CPU.ActiveCfg = Debug|Any CPU
		{143869F1-31AA-4F5F-9C0C-42E1660186D2}.Debug|Any CPU.Build.0 = Debug|Any CPU
		{143869F1-31AA-4F5F-9C0C-42E1660186D2}.Debug|Mixed Platforms.ActiveCfg = Debug|Any CPU
		{143869F1-31AA-4F5F-9C0C-42E1660186D2}.Debug|Mixed Platforms.Build.0 = Debug|Any CPU
		{143869F1-31AA-4F5F-9C0C-42E1660186D2}.Debug|x86.ActiveCfg = Debug|Any CPU
		{143869F1-31AA-4F5F-9C0C-42E1660186D2}.Release|Any CPU.ActiveCfg = Release|Any CPU
		{143869F1-31AA-4F5F-9C0C-42E1660186D2}.Release|Any CPU.Build.0 = Release|Any CPU
		{143869F1-31AA-4F5F-9C0C-42E1660186D2}.Release|Mixed Platforms.ActiveCfg = Release|Any CPU
		{143869F1-31AA-4F5F-9C0C-42E1660186D2}.Release|Mixed Platforms.Build.0 = Release|Any CPU
		{143869F1-31AA-4F5F-9C0C-42E1660186D2}.Release|x86.ActiveCfg = Release|Any CPU
		{0FF01629-20B8-45DF-96EA-47A3E4E8F712}.Debug|Any CPU.ActiveCfg = Debug|Any CPU
		{0FF01629-20B8-45DF-96EA-47A3E4E8F712}.Debug|Any CPU.Build.0 = Debug|Any CPU
		{0FF01629-20B8-45DF-96EA-47A3E4E8F712}.Debug|Mixed Platforms.ActiveCfg = Debug|Any CPU
		{0FF01629-20B8-45DF-96EA-47A3E4E8F712}.Debug|Mixed Platforms.Build.0 = Debug|Any CPU
		{0FF01629-20B8-45DF-96EA-47A3E4E8F712}.Debug|x86.ActiveCfg = Debug|Any CPU
		{0FF01629-20B8-45DF-96EA-47A3E4E8F712}.Release|Any CPU.ActiveCfg = Release|Any CPU
		{0FF01629-20B8-45DF-96EA-47A3E4E8F712}.Release|Any CPU.Build.0 = Release|Any CPU
		{0FF01629-20B8-45DF-96EA-47A3E4E8F712}.Release|Mixed Platforms.ActiveCfg = Release|Any CPU
		{0FF01629-20B8-45DF-96EA-47A3E4E8F712}.Release|Mixed Platforms.Build.0 = Release|Any CPU
		{0FF01629-20B8-45DF-96EA-47A3E4E8F712}.Release|x86.ActiveCfg = Release|Any CPU
		{5390666F-ABB7-4FEC-8582-0CFFA21398B2}.Debug|Any CPU.ActiveCfg = Debug|Any CPU
		{5390666F-ABB7-4FEC-8582-0CFFA21398B2}.Debug|Any CPU.Build.0 = Debug|Any CPU
		{5390666F-ABB7-4FEC-8582-0CFFA21398B2}.Debug|Mixed Platforms.ActiveCfg = Debug|Any CPU
		{5390666F-ABB7-4FEC-8582-0CFFA21398B2}.Debug|Mixed Platforms.Build.0 = Debug|Any CPU
		{5390666F-ABB7-4FEC-8582-0CFFA21398B2}.Debug|x86.ActiveCfg = Debug|Any CPU
		{5390666F-ABB7-4FEC-8582-0CFFA21398B2}.Release|Any CPU.ActiveCfg = Release|Any CPU
		{5390666F-ABB7-4FEC-8582-0CFFA21398B2}.Release|Any CPU.Build.0 = Release|Any CPU
		{5390666F-ABB7-4FEC-8582-0CFFA21398B2}.Release|Mixed Platforms.ActiveCfg = Release|Any CPU
		{5390666F-ABB7-4FEC-8582-0CFFA21398B2}.Release|Mixed Platforms.Build.0 = Release|Any CPU
		{5390666F-ABB7-4FEC-8582-0CFFA21398B2}.Release|x86.ActiveCfg = Release|Any CPU
		{85B30335-23D3-4EEF-8AD1-444BBFEBE796}.Debug|Any CPU.ActiveCfg = Debug|Any CPU
		{85B30335-23D3-4EEF-8AD1-444BBFEBE796}.Debug|Any CPU.Build.0 = Debug|Any CPU
		{85B30335-23D3-4EEF-8AD1-444BBFEBE796}.Debug|Mixed Platforms.ActiveCfg = Debug|Any CPU
		{85B30335-23D3-4EEF-8AD1-444BBFEBE796}.Debug|Mixed Platforms.Build.0 = Debug|Any CPU
		{85B30335-23D3-4EEF-8AD1-444BBFEBE796}.Debug|x86.ActiveCfg = Debug|Any CPU
		{85B30335-23D3-4EEF-8AD1-444BBFEBE796}.Release|Any CPU.ActiveCfg = Release|Any CPU
		{85B30335-23D3-4EEF-8AD1-444BBFEBE796}.Release|Any CPU.Build.0 = Release|Any CPU
		{85B30335-23D3-4EEF-8AD1-444BBFEBE796}.Release|Mixed Platforms.ActiveCfg = Release|Any CPU
		{85B30335-23D3-4EEF-8AD1-444BBFEBE796}.Release|Mixed Platforms.Build.0 = Release|Any CPU
		{85B30335-23D3-4EEF-8AD1-444BBFEBE796}.Release|x86.ActiveCfg = Release|Any CPU
		{86B54D6D-399A-48CA-9D10-CB3EC393A10B}.Debug|Any CPU.ActiveCfg = Debug|Any CPU
		{86B54D6D-399A-48CA-9D10-CB3EC393A10B}.Debug|Any CPU.Build.0 = Debug|Any CPU
		{86B54D6D-399A-48CA-9D10-CB3EC393A10B}.Debug|Mixed Platforms.ActiveCfg = Debug|Any CPU
		{86B54D6D-399A-48CA-9D10-CB3EC393A10B}.Debug|Mixed Platforms.Build.0 = Debug|Any CPU
		{86B54D6D-399A-48CA-9D10-CB3EC393A10B}.Debug|x86.ActiveCfg = Debug|Any CPU
		{86B54D6D-399A-48CA-9D10-CB3EC393A10B}.Release|Any CPU.ActiveCfg = Release|Any CPU
		{86B54D6D-399A-48CA-9D10-CB3EC393A10B}.Release|Any CPU.Build.0 = Release|Any CPU
		{86B54D6D-399A-48CA-9D10-CB3EC393A10B}.Release|Mixed Platforms.ActiveCfg = Release|Any CPU
		{86B54D6D-399A-48CA-9D10-CB3EC393A10B}.Release|Mixed Platforms.Build.0 = Release|Any CPU
		{86B54D6D-399A-48CA-9D10-CB3EC393A10B}.Release|x86.ActiveCfg = Release|Any CPU
		{6BC39B87-459B-4967-9B7F-ADA1AAFD3B39}.Debug|Any CPU.ActiveCfg = Debug|Any CPU
		{6BC39B87-459B-4967-9B7F-ADA1AAFD3B39}.Debug|Any CPU.Build.0 = Debug|Any CPU
		{6BC39B87-459B-4967-9B7F-ADA1AAFD3B39}.Debug|Mixed Platforms.ActiveCfg = Debug|Any CPU
		{6BC39B87-459B-4967-9B7F-ADA1AAFD3B39}.Debug|Mixed Platforms.Build.0 = Debug|Any CPU
		{6BC39B87-459B-4967-9B7F-ADA1AAFD3B39}.Debug|x86.ActiveCfg = Debug|Any CPU
		{6BC39B87-459B-4967-9B7F-ADA1AAFD3B39}.Release|Any CPU.ActiveCfg = Release|Any CPU
		{6BC39B87-459B-4967-9B7F-ADA1AAFD3B39}.Release|Any CPU.Build.0 = Release|Any CPU
		{6BC39B87-459B-4967-9B7F-ADA1AAFD3B39}.Release|Mixed Platforms.ActiveCfg = Release|Any CPU
		{6BC39B87-459B-4967-9B7F-ADA1AAFD3B39}.Release|Mixed Platforms.Build.0 = Release|Any CPU
		{6BC39B87-459B-4967-9B7F-ADA1AAFD3B39}.Release|x86.ActiveCfg = Release|Any CPU
		{D2430F7D-6EE2-4588-AB1D-F1F28889EB67}.Debug|Any CPU.ActiveCfg = Debug|Any CPU
		{D2430F7D-6EE2-4588-AB1D-F1F28889EB67}.Debug|Any CPU.Build.0 = Debug|Any CPU
		{D2430F7D-6EE2-4588-AB1D-F1F28889EB67}.Debug|Mixed Platforms.ActiveCfg = Debug|Any CPU
		{D2430F7D-6EE2-4588-AB1D-F1F28889EB67}.Debug|Mixed Platforms.Build.0 = Debug|Any CPU
		{D2430F7D-6EE2-4588-AB1D-F1F28889EB67}.Debug|x86.ActiveCfg = Debug|Any CPU
		{D2430F7D-6EE2-4588-AB1D-F1F28889EB67}.Release|Any CPU.ActiveCfg = Release|Any CPU
		{D2430F7D-6EE2-4588-AB1D-F1F28889EB67}.Release|Any CPU.Build.0 = Release|Any CPU
		{D2430F7D-6EE2-4588-AB1D-F1F28889EB67}.Release|Mixed Platforms.ActiveCfg = Release|Any CPU
		{D2430F7D-6EE2-4588-AB1D-F1F28889EB67}.Release|Mixed Platforms.Build.0 = Release|Any CPU
		{D2430F7D-6EE2-4588-AB1D-F1F28889EB67}.Release|x86.ActiveCfg = Release|Any CPU
		{F07DB764-DB87-4CF8-9BEA-88C4B0E554F3}.Debug|Any CPU.ActiveCfg = Debug|Any CPU
		{F07DB764-DB87-4CF8-9BEA-88C4B0E554F3}.Debug|Any CPU.Build.0 = Debug|Any CPU
		{F07DB764-DB87-4CF8-9BEA-88C4B0E554F3}.Debug|Mixed Platforms.ActiveCfg = Debug|Any CPU
		{F07DB764-DB87-4CF8-9BEA-88C4B0E554F3}.Debug|Mixed Platforms.Build.0 = Debug|Any CPU
		{F07DB764-DB87-4CF8-9BEA-88C4B0E554F3}.Debug|x86.ActiveCfg = Debug|Any CPU
		{F07DB764-DB87-4CF8-9BEA-88C4B0E554F3}.Release|Any CPU.ActiveCfg = Release|Any CPU
		{F07DB764-DB87-4CF8-9BEA-88C4B0E554F3}.Release|Any CPU.Build.0 = Release|Any CPU
		{F07DB764-DB87-4CF8-9BEA-88C4B0E554F3}.Release|Mixed Platforms.ActiveCfg = Release|Any CPU
		{F07DB764-DB87-4CF8-9BEA-88C4B0E554F3}.Release|Mixed Platforms.Build.0 = Release|Any CPU
		{F07DB764-DB87-4CF8-9BEA-88C4B0E554F3}.Release|x86.ActiveCfg = Release|Any CPU
		{C4209BB3-50EE-4C94-A353-45438557C465}.Debug|Any CPU.ActiveCfg = Debug|Any CPU
		{C4209BB3-50EE-4C94-A353-45438557C465}.Debug|Any CPU.Build.0 = Debug|Any CPU
		{C4209BB3-50EE-4C94-A353-45438557C465}.Debug|Mixed Platforms.ActiveCfg = Debug|Any CPU
		{C4209BB3-50EE-4C94-A353-45438557C465}.Debug|Mixed Platforms.Build.0 = Debug|Any CPU
		{C4209BB3-50EE-4C94-A353-45438557C465}.Debug|x86.ActiveCfg = Debug|Any CPU
		{C4209BB3-50EE-4C94-A353-45438557C465}.Release|Any CPU.ActiveCfg = Release|Any CPU
		{C4209BB3-50EE-4C94-A353-45438557C465}.Release|Any CPU.Build.0 = Release|Any CPU
		{C4209BB3-50EE-4C94-A353-45438557C465}.Release|Mixed Platforms.ActiveCfg = Release|Any CPU
		{C4209BB3-50EE-4C94-A353-45438557C465}.Release|Mixed Platforms.Build.0 = Release|Any CPU
		{C4209BB3-50EE-4C94-A353-45438557C465}.Release|x86.ActiveCfg = Release|Any CPU
		{27931342-5F6A-4893-9D14-DDBD05F1E717}.Debug|Any CPU.ActiveCfg = Debug|x86
		{27931342-5F6A-4893-9D14-DDBD05F1E717}.Debug|Mixed Platforms.ActiveCfg = Debug|x86
		{27931342-5F6A-4893-9D14-DDBD05F1E717}.Debug|Mixed Platforms.Build.0 = Debug|x86
		{27931342-5F6A-4893-9D14-DDBD05F1E717}.Debug|x86.ActiveCfg = Debug|x86
		{27931342-5F6A-4893-9D14-DDBD05F1E717}.Debug|x86.Build.0 = Debug|x86
		{27931342-5F6A-4893-9D14-DDBD05F1E717}.Release|Any CPU.ActiveCfg = Release|x86
		{27931342-5F6A-4893-9D14-DDBD05F1E717}.Release|Mixed Platforms.ActiveCfg = Release|x86
		{27931342-5F6A-4893-9D14-DDBD05F1E717}.Release|Mixed Platforms.Build.0 = Release|x86
		{27931342-5F6A-4893-9D14-DDBD05F1E717}.Release|x86.ActiveCfg = Release|x86
		{27931342-5F6A-4893-9D14-DDBD05F1E717}.Release|x86.Build.0 = Release|x86
		{4657C6AB-B567-4D15-B910-CFE5FFE1BA42}.Debug|Any CPU.ActiveCfg = Debug|Any CPU
		{4657C6AB-B567-4D15-B910-CFE5FFE1BA42}.Debug|Any CPU.Build.0 = Debug|Any CPU
		{4657C6AB-B567-4D15-B910-CFE5FFE1BA42}.Debug|Mixed Platforms.ActiveCfg = Debug|Any CPU
		{4657C6AB-B567-4D15-B910-CFE5FFE1BA42}.Debug|Mixed Platforms.Build.0 = Debug|Any CPU
		{4657C6AB-B567-4D15-B910-CFE5FFE1BA42}.Debug|x86.ActiveCfg = Debug|Any CPU
		{4657C6AB-B567-4D15-B910-CFE5FFE1BA42}.Release|Any CPU.ActiveCfg = Release|Any CPU
		{4657C6AB-B567-4D15-B910-CFE5FFE1BA42}.Release|Any CPU.Build.0 = Release|Any CPU
		{4657C6AB-B567-4D15-B910-CFE5FFE1BA42}.Release|Mixed Platforms.ActiveCfg = Release|Any CPU
		{4657C6AB-B567-4D15-B910-CFE5FFE1BA42}.Release|Mixed Platforms.Build.0 = Release|Any CPU
		{4657C6AB-B567-4D15-B910-CFE5FFE1BA42}.Release|x86.ActiveCfg = Release|Any CPU
	EndGlobalSection
	GlobalSection(SolutionProperties) = preSolution
		HideSolutionNode = FALSE
	EndGlobalSection
	GlobalSection(NestedProjects) = preSolution
		{36AA6969-6329-4BB1-BEA6-8AFCC1CA4152} = {40FC43D7-43C3-4A6C-8B0D-16167E3725A2}
		{6BC39B87-459B-4967-9B7F-ADA1AAFD3B39} = {40FC43D7-43C3-4A6C-8B0D-16167E3725A2}
		{D2430F7D-6EE2-4588-AB1D-F1F28889EB67} = {40FC43D7-43C3-4A6C-8B0D-16167E3725A2}
		{F07DB764-DB87-4CF8-9BEA-88C4B0E554F3} = {40FC43D7-43C3-4A6C-8B0D-16167E3725A2}
		{C4209BB3-50EE-4C94-A353-45438557C465} = {40FC43D7-43C3-4A6C-8B0D-16167E3725A2}
		{4657C6AB-B567-4D15-B910-CFE5FFE1BA42} = {40FC43D7-43C3-4A6C-8B0D-16167E3725A2}
		{DEF3F6C2-BFE9-4CF2-B665-0F7EEC5B6D2E} = {27CA8EF6-91F4-4CFB-B817-EFA42913EADF}
		{143869F1-31AA-4F5F-9C0C-42E1660186D2} = {4E582B41-0D84-4F3D-BA91-B79A0D41A957}
		{78CFC2A2-B41D-44DF-ADFC-0B71C0791CD3} = {4E582B41-0D84-4F3D-BA91-B79A0D41A957}
		{86B54D6D-399A-48CA-9D10-CB3EC393A10B} = {4E582B41-0D84-4F3D-BA91-B79A0D41A957}
		{0FF01629-20B8-45DF-96EA-47A3E4E8F712} = {3B2A79A2-497C-4AE9-9D0F-6BF404576152}
		{5390666F-ABB7-4FEC-8582-0CFFA21398B2} = {3B2A79A2-497C-4AE9-9D0F-6BF404576152}
		{85B30335-23D3-4EEF-8AD1-444BBFEBE796} = {3B2A79A2-497C-4AE9-9D0F-6BF404576152}
		{27931342-5F6A-4893-9D14-DDBD05F1E717} = {8C3E0A22-16F8-43ED-9F93-AEDC1CECF1FE}
	EndGlobalSection
EndGlobal
