
Microsoft Visual Studio Solution File, Format Version 12.00
# Visual Studio 2012
Project("{2150E333-8FDC-42A3-9474-1A3956D46DE8}") = ".nuget", ".nuget", "{479ABF08-6040-4777-9389-651A0D13C890}"
	ProjectSection(SolutionItems) = preProject
		.nuget\NuGet.Config = .nuget\NuGet.Config
		.nuget\NuGet.exe = .nuget\NuGet.exe
		.nuget\NuGet.targets = .nuget\NuGet.targets
	EndProjectSection
EndProject
Project("{FAE04EC0-301F-11D3-BF4B-00C04F79EFBC}") = "MS.Katusha", "MS.Katusha.Domain\MS.Katusha.csproj", "{36AA6969-6329-4BB1-BEA6-8AFCC1CA4152}"
EndProject
Project("{FAE04EC0-301F-11D3-BF4B-00C04F79EFBC}") = "MS.Katusha.FileSystems", "MS.Katusha.FileSystems\MS.Katusha.FileSystems.csproj", "{46BB085A-B2F4-4CB7-A939-D335C1C660D5}"
EndProject
Project("{FAE04EC0-301F-11D3-BF4B-00C04F79EFBC}") = "MS.Katusha.Interfaces.Repositories", "MS.Katusha.Interfaces.Repositories\MS.Katusha.Interfaces.Repositories.csproj", "{86B54D6D-399A-48CA-9D10-CB3EC393A10B}"
EndProject
Project("{FAE04EC0-301F-11D3-BF4B-00C04F79EFBC}") = "MS.Katusha.Interfaces.Services", "MS.Katusha.Interfaces.Services\MS.Katusha.Interfaces.Services.csproj", "{85B30335-23D3-4EEF-8AD1-444BBFEBE796}"
EndProject
Project("{FAE04EC0-301F-11D3-BF4B-00C04F79EFBC}") = "MS.Katusha.Repositories.DB", "MS.Katusha.Repositories.DB\MS.Katusha.Repositories.DB.csproj", "{78CFC2A2-B41D-44DF-ADFC-0B71C0791CD3}"
EndProject
Project("{FAE04EC0-301F-11D3-BF4B-00C04F79EFBC}") = "MS.Katusha.Repositories.RavenDB", "MS.Katusha.Repositories.RavenDB\MS.Katusha.Repositories.RavenDB.csproj", "{143869F1-31AA-4F5F-9C0C-42E1660186D2}"
EndProject
Project("{FAE04EC0-301F-11D3-BF4B-00C04F79EFBC}") = "MS.Katusha.Mailer", "MS.Katusha.Mailer\MS.Katusha.Mailer.csproj", "{0FF01629-20B8-45DF-96EA-47A3E4E8F712}"
EndProject
Project("{FAE04EC0-301F-11D3-BF4B-00C04F79EFBC}") = "MS.Katusha.Services", "MS.Katusha.Services\MS.Katusha.Services.csproj", "{5390666F-ABB7-4FEC-8582-0CFFA21398B2}"
EndProject
Project("{FAE04EC0-301F-11D3-BF4B-00C04F79EFBC}") = "MS.Katusha.Infrastructure", "MS.Katusha.Infrastructure\MS.Katusha.Infrastructure.csproj", "{6BC39B87-459B-4967-9B7F-ADA1AAFD3B39}"
EndProject
Project("{FAE04EC0-301F-11D3-BF4B-00C04F79EFBC}") = "PayPal_Merchant_SDK", "PayPal_Merchant_SDK\PayPal_Merchant_SDK.csproj", "{1F5FF00B-CE0F-40B8-9BC4-7B5ED2087266}"
EndProject
Project("{2150E333-8FDC-42A3-9474-1A3956D46DE8}") = "Core", "Core", "{9288F010-9F8C-416D-8908-C0FFD78D5D38}"
EndProject
Project("{FAE04EC0-301F-11D3-BF4B-00C04F79EFBC}") = "MS.Katusha.DependencyManagement", "MS.Katusha.DependencyManagement\MS.Katusha.DependencyManagement.csproj", "{6F22F616-A761-476C-A7E4-63CE3EB193C8}"
EndProject
Project("{FAE04EC0-301F-11D3-BF4B-00C04F79EFBC}") = "Glimpse.RavenDb", "Glimpse.RavenDb\Glimpse.RavenDb.csproj", "{439766E7-5D3E-4B7D-A301-8611422602B1}"
EndProject
Project("{FAE04EC0-301F-11D3-BF4B-00C04F79EFBC}") = "MS.Katusha.Web", "MS.Katusha.Web\MS.Katusha.Web.csproj", "{334451F4-B9CF-4CD8-AF99-F67DC74556B6}"
EndProject
Project("{2150E333-8FDC-42A3-9474-1A3956D46DE8}") = "Common", "Common", "{249B2266-A348-400E-A462-5103A8F78E44}"
	ProjectSection(SolutionItems) = preProject
		.gitignore = .gitignore
		copydb.cmd = copydb.cmd
		publishmaster.cmd = publishmaster.cmd
		publishtest.cmd = publishtest.cmd
	EndProjectSection
EndProject
Project("{FAE04EC0-301F-11D3-BF4B-00C04F79EFBC}") = "LukeSkywalker.IPNetwork", "LukeSkywalker.IPNetwork\LukeSkywalker.IPNetwork.csproj", "{E76938D8-EDEC-4568-B73C-B98C41044423}"
EndProject
Global
	GlobalSection(TestCaseManagementSettings) = postSolution
		CategoryFile = MS.Katusha1.vsmdi
	EndGlobalSection
	GlobalSection(SolutionConfigurationPlatforms) = preSolution
		Debug|Any CPU = Debug|Any CPU
		Release|Any CPU = Release|Any CPU
	EndGlobalSection
	GlobalSection(ProjectConfigurationPlatforms) = postSolution
		{36AA6969-6329-4BB1-BEA6-8AFCC1CA4152}.Debug|Any CPU.ActiveCfg = Debug|Any CPU
		{36AA6969-6329-4BB1-BEA6-8AFCC1CA4152}.Debug|Any CPU.Build.0 = Debug|Any CPU
		{36AA6969-6329-4BB1-BEA6-8AFCC1CA4152}.Release|Any CPU.ActiveCfg = Release|Any CPU
		{36AA6969-6329-4BB1-BEA6-8AFCC1CA4152}.Release|Any CPU.Build.0 = Release|Any CPU
		{46BB085A-B2F4-4CB7-A939-D335C1C660D5}.Debug|Any CPU.ActiveCfg = Debug|Any CPU
		{46BB085A-B2F4-4CB7-A939-D335C1C660D5}.Debug|Any CPU.Build.0 = Debug|Any CPU
		{46BB085A-B2F4-4CB7-A939-D335C1C660D5}.Release|Any CPU.ActiveCfg = Release|Any CPU
		{46BB085A-B2F4-4CB7-A939-D335C1C660D5}.Release|Any CPU.Build.0 = Release|Any CPU
		{86B54D6D-399A-48CA-9D10-CB3EC393A10B}.Debug|Any CPU.ActiveCfg = Debug|Any CPU
		{86B54D6D-399A-48CA-9D10-CB3EC393A10B}.Debug|Any CPU.Build.0 = Debug|Any CPU
		{86B54D6D-399A-48CA-9D10-CB3EC393A10B}.Release|Any CPU.ActiveCfg = Release|Any CPU
		{86B54D6D-399A-48CA-9D10-CB3EC393A10B}.Release|Any CPU.Build.0 = Release|Any CPU
		{85B30335-23D3-4EEF-8AD1-444BBFEBE796}.Debug|Any CPU.ActiveCfg = Debug|Any CPU
		{85B30335-23D3-4EEF-8AD1-444BBFEBE796}.Debug|Any CPU.Build.0 = Debug|Any CPU
		{85B30335-23D3-4EEF-8AD1-444BBFEBE796}.Release|Any CPU.ActiveCfg = Release|Any CPU
		{85B30335-23D3-4EEF-8AD1-444BBFEBE796}.Release|Any CPU.Build.0 = Release|Any CPU
		{78CFC2A2-B41D-44DF-ADFC-0B71C0791CD3}.Debug|Any CPU.ActiveCfg = Debug|Any CPU
		{78CFC2A2-B41D-44DF-ADFC-0B71C0791CD3}.Debug|Any CPU.Build.0 = Debug|Any CPU
		{78CFC2A2-B41D-44DF-ADFC-0B71C0791CD3}.Release|Any CPU.ActiveCfg = Release|Any CPU
		{78CFC2A2-B41D-44DF-ADFC-0B71C0791CD3}.Release|Any CPU.Build.0 = Release|Any CPU
		{143869F1-31AA-4F5F-9C0C-42E1660186D2}.Debug|Any CPU.ActiveCfg = Debug|Any CPU
		{143869F1-31AA-4F5F-9C0C-42E1660186D2}.Debug|Any CPU.Build.0 = Debug|Any CPU
		{143869F1-31AA-4F5F-9C0C-42E1660186D2}.Release|Any CPU.ActiveCfg = Release|Any CPU
		{143869F1-31AA-4F5F-9C0C-42E1660186D2}.Release|Any CPU.Build.0 = Release|Any CPU
		{0FF01629-20B8-45DF-96EA-47A3E4E8F712}.Debug|Any CPU.ActiveCfg = Debug|Any CPU
		{0FF01629-20B8-45DF-96EA-47A3E4E8F712}.Debug|Any CPU.Build.0 = Debug|Any CPU
		{0FF01629-20B8-45DF-96EA-47A3E4E8F712}.Release|Any CPU.ActiveCfg = Release|Any CPU
		{0FF01629-20B8-45DF-96EA-47A3E4E8F712}.Release|Any CPU.Build.0 = Release|Any CPU
		{5390666F-ABB7-4FEC-8582-0CFFA21398B2}.Debug|Any CPU.ActiveCfg = Debug|Any CPU
		{5390666F-ABB7-4FEC-8582-0CFFA21398B2}.Debug|Any CPU.Build.0 = Debug|Any CPU
		{5390666F-ABB7-4FEC-8582-0CFFA21398B2}.Release|Any CPU.ActiveCfg = Release|Any CPU
		{5390666F-ABB7-4FEC-8582-0CFFA21398B2}.Release|Any CPU.Build.0 = Release|Any CPU
		{6BC39B87-459B-4967-9B7F-ADA1AAFD3B39}.Debug|Any CPU.ActiveCfg = Debug|Any CPU
		{6BC39B87-459B-4967-9B7F-ADA1AAFD3B39}.Debug|Any CPU.Build.0 = Debug|Any CPU
		{6BC39B87-459B-4967-9B7F-ADA1AAFD3B39}.Release|Any CPU.ActiveCfg = Release|Any CPU
		{6BC39B87-459B-4967-9B7F-ADA1AAFD3B39}.Release|Any CPU.Build.0 = Release|Any CPU
		{1F5FF00B-CE0F-40B8-9BC4-7B5ED2087266}.Debug|Any CPU.ActiveCfg = Debug|Any CPU
		{1F5FF00B-CE0F-40B8-9BC4-7B5ED2087266}.Debug|Any CPU.Build.0 = Debug|Any CPU
		{1F5FF00B-CE0F-40B8-9BC4-7B5ED2087266}.Release|Any CPU.ActiveCfg = Release|Any CPU
		{1F5FF00B-CE0F-40B8-9BC4-7B5ED2087266}.Release|Any CPU.Build.0 = Release|Any CPU
		{6F22F616-A761-476C-A7E4-63CE3EB193C8}.Debug|Any CPU.ActiveCfg = Debug|Any CPU
		{6F22F616-A761-476C-A7E4-63CE3EB193C8}.Debug|Any CPU.Build.0 = Debug|Any CPU
		{6F22F616-A761-476C-A7E4-63CE3EB193C8}.Release|Any CPU.ActiveCfg = Release|Any CPU
		{6F22F616-A761-476C-A7E4-63CE3EB193C8}.Release|Any CPU.Build.0 = Release|Any CPU
		{439766E7-5D3E-4B7D-A301-8611422602B1}.Debug|Any CPU.ActiveCfg = Debug|Any CPU
		{439766E7-5D3E-4B7D-A301-8611422602B1}.Debug|Any CPU.Build.0 = Debug|Any CPU
		{439766E7-5D3E-4B7D-A301-8611422602B1}.Release|Any CPU.ActiveCfg = Release|Any CPU
		{439766E7-5D3E-4B7D-A301-8611422602B1}.Release|Any CPU.Build.0 = Release|Any CPU
		{334451F4-B9CF-4CD8-AF99-F67DC74556B6}.Debug|Any CPU.ActiveCfg = Debug|Any CPU
		{334451F4-B9CF-4CD8-AF99-F67DC74556B6}.Debug|Any CPU.Build.0 = Debug|Any CPU
		{334451F4-B9CF-4CD8-AF99-F67DC74556B6}.Release|Any CPU.ActiveCfg = Release|Any CPU
		{334451F4-B9CF-4CD8-AF99-F67DC74556B6}.Release|Any CPU.Build.0 = Release|Any CPU
		{E76938D8-EDEC-4568-B73C-B98C41044423}.Debug|Any CPU.ActiveCfg = Debug|Any CPU
		{E76938D8-EDEC-4568-B73C-B98C41044423}.Debug|Any CPU.Build.0 = Debug|Any CPU
		{E76938D8-EDEC-4568-B73C-B98C41044423}.Release|Any CPU.ActiveCfg = Release|Any CPU
		{E76938D8-EDEC-4568-B73C-B98C41044423}.Release|Any CPU.Build.0 = Release|Any CPU
	EndGlobalSection
	GlobalSection(SolutionProperties) = preSolution
		HideSolutionNode = FALSE
	EndGlobalSection
	GlobalSection(NestedProjects) = preSolution
		{46BB085A-B2F4-4CB7-A939-D335C1C660D5} = {9288F010-9F8C-416D-8908-C0FFD78D5D38}
		{86B54D6D-399A-48CA-9D10-CB3EC393A10B} = {9288F010-9F8C-416D-8908-C0FFD78D5D38}
		{78CFC2A2-B41D-44DF-ADFC-0B71C0791CD3} = {9288F010-9F8C-416D-8908-C0FFD78D5D38}
		{143869F1-31AA-4F5F-9C0C-42E1660186D2} = {9288F010-9F8C-416D-8908-C0FFD78D5D38}
		{0FF01629-20B8-45DF-96EA-47A3E4E8F712} = {9288F010-9F8C-416D-8908-C0FFD78D5D38}
		{6BC39B87-459B-4967-9B7F-ADA1AAFD3B39} = {9288F010-9F8C-416D-8908-C0FFD78D5D38}
		{1F5FF00B-CE0F-40B8-9BC4-7B5ED2087266} = {9288F010-9F8C-416D-8908-C0FFD78D5D38}
		{36AA6969-6329-4BB1-BEA6-8AFCC1CA4152} = {9288F010-9F8C-416D-8908-C0FFD78D5D38}
		{E76938D8-EDEC-4568-B73C-B98C41044423} = {9288F010-9F8C-416D-8908-C0FFD78D5D38}
	EndGlobalSection
EndGlobal
